
Microsoft Visual Studio Solution File, Format Version 12.00
# Visual Studio 15
VisualStudioVersion = 15.0.28307.757
MinimumVisualStudioVersion = 10.0.40219.1
Project("{F2A71F9B-5D33-465A-A702-920D77279786}") = "FSharpScheme", "FSharpScheme\FSharpScheme.fsproj", "{7E593A28-00CE-4C1A-9AED-95B408D264DE}"
EndProject
Global
	GlobalSection(SolutionConfigurationPlatforms) = preSolution
		Debug|Any CPU = Debug|Any CPU
		Release|Any CPU = Release|Any CPU
	EndGlobalSection
	GlobalSection(ProjectConfigurationPlatforms) = postSolution
		{7E593A28-00CE-4C1A-9AED-95B408D264DE}.Debug|Any CPU.ActiveCfg = Debug|Any CPU
		{7E593A28-00CE-4C1A-9AED-95B408D264DE}.Debug|Any CPU.Build.0 = Debug|Any CPU
		{7E593A28-00CE-4C1A-9AED-95B408D264DE}.Release|Any CPU.ActiveCfg = Release|Any CPU
		{7E593A28-00CE-4C1A-9AED-95B408D264DE}.Release|Any CPU.Build.0 = Release|Any CPU
	EndGlobalSection
	GlobalSection(SolutionProperties) = preSolution
		HideSolutionNode = FALSE
	EndGlobalSection
	GlobalSection(ExtensibilityGlobals) = postSolution
		SolutionGuid = {F659962F-64E3-45BA-A8D8-0FDA4D1EEC4C}
	EndGlobalSection
EndGlobal
